
Microsoft Visual Studio Solution File, Format Version 12.00
# Visual Studio Version 16
VisualStudioVersion = 16.0.30523.141
MinimumVisualStudioVersion = 10.0.40219.1
Project("{FAE04EC0-301F-11D3-BF4B-00C04F79EFBC}") = "CatiaAnbindung", "CatiaAnbindung\CatiaAnbindung.csproj", "{C32A7275-FF80-4943-BE4B-A7D00ACA3791}"
EndProject
Global
	GlobalSection(SolutionConfigurationPlatforms) = preSolution
		Debug|Any CPU = Debug|Any CPU
		Release|Any CPU = Release|Any CPU
	EndGlobalSection
	GlobalSection(ProjectConfigurationPlatforms) = postSolution
		{C32A7275-FF80-4943-BE4B-A7D00ACA3791}.Debug|Any CPU.ActiveCfg = Debug|Any CPU
		{C32A7275-FF80-4943-BE4B-A7D00ACA3791}.Debug|Any CPU.Build.0 = Debug|Any CPU
		{C32A7275-FF80-4943-BE4B-A7D00ACA3791}.Release|Any CPU.ActiveCfg = Release|Any CPU
		{C32A7275-FF80-4943-BE4B-A7D00ACA3791}.Release|Any CPU.Build.0 = Release|Any CPU
	EndGlobalSection
	GlobalSection(SolutionProperties) = preSolution
		HideSolutionNode = FALSE
	EndGlobalSection
	GlobalSection(ExtensibilityGlobals) = postSolution
		SolutionGuid = {9524D78B-E8BB-41F8-BCE7-27AFB87B5F94}
	EndGlobalSection
EndGlobal
